// !$*UTF8*$!
{
	archiveVersion = 1;
	classes = {
	};
	objectVersion = 56;
	objects = {

/* Begin PBXBuildFile section */
		C7BE76612950FDA600A8C9FB /* AppDelegate.swift in Sources */ = {isa = PBXBuildFile; fileRef = C7BE76602950FDA600A8C9FB /* AppDelegate.swift */; };
		C7BE76632950FDA600A8C9FB /* SceneDelegate.swift in Sources */ = {isa = PBXBuildFile; fileRef = C7BE76622950FDA600A8C9FB /* SceneDelegate.swift */; };
		C7BE76652950FDA600A8C9FB /* ViewController.swift in Sources */ = {isa = PBXBuildFile; fileRef = C7BE76642950FDA600A8C9FB /* ViewController.swift */; };
		C7BE76682950FDA600A8C9FB /* Main.storyboard in Resources */ = {isa = PBXBuildFile; fileRef = C7BE76662950FDA600A8C9FB /* Main.storyboard */; };
		C7BE766A2950FDA700A8C9FB /* Assets.xcassets in Resources */ = {isa = PBXBuildFile; fileRef = C7BE76692950FDA700A8C9FB /* Assets.xcassets */; };
		C7BE766D2950FDA700A8C9FB /* LaunchScreen.storyboard in Resources */ = {isa = PBXBuildFile; fileRef = C7BE766B2950FDA700A8C9FB /* LaunchScreen.storyboard */; };
		C7BE76782950FDA700A8C9FB /* tareaNicolasBuffaTests.swift in Sources */ = {isa = PBXBuildFile; fileRef = C7BE76772950FDA700A8C9FB /* tareaNicolasBuffaTests.swift */; };
		C7BE76822950FDA700A8C9FB /* tareaNicolasBuffaUITests.swift in Sources */ = {isa = PBXBuildFile; fileRef = C7BE76812950FDA700A8C9FB /* tareaNicolasBuffaUITests.swift */; };
		C7BE76842950FDA700A8C9FB /* tareaNicolasBuffaUITestsLaunchTests.swift in Sources */ = {isa = PBXBuildFile; fileRef = C7BE76832950FDA700A8C9FB /* tareaNicolasBuffaUITestsLaunchTests.swift */; };
		C7BE76922951E83000A8C9FB /* MyCustomTableViewCell.swift in Sources */ = {isa = PBXBuildFile; fileRef = C7BE76902951E83000A8C9FB /* MyCustomTableViewCell.swift */; };
		C7BE76932951E83000A8C9FB /* MyCustomTableViewCell.xib in Resources */ = {isa = PBXBuildFile; fileRef = C7BE76912951E83000A8C9FB /* MyCustomTableViewCell.xib */; };
		FB463D1D29549BDA004B7715 /* Product.swift in Sources */ = {isa = PBXBuildFile; fileRef = FB463D1C29549BDA004B7715 /* Product.swift */; };
/* End PBXBuildFile section */

/* Begin PBXContainerItemProxy section */
		C7BE76742950FDA700A8C9FB /* PBXContainerItemProxy */ = {
			isa = PBXContainerItemProxy;
			containerPortal = C7BE76552950FDA600A8C9FB /* Project object */;
			proxyType = 1;
			remoteGlobalIDString = C7BE765C2950FDA600A8C9FB;
			remoteInfo = tareaNicolasBuffa;
		};
		C7BE767E2950FDA700A8C9FB /* PBXContainerItemProxy */ = {
			isa = PBXContainerItemProxy;
			containerPortal = C7BE76552950FDA600A8C9FB /* Project object */;
			proxyType = 1;
			remoteGlobalIDString = C7BE765C2950FDA600A8C9FB;
			remoteInfo = tareaNicolasBuffa;
		};
/* End PBXContainerItemProxy section */

/* Begin PBXFileReference section */
		C7BE765D2950FDA600A8C9FB /* tareaNicolasBuffa.app */ = {isa = PBXFileReference; explicitFileType = wrapper.application; includeInIndex = 0; path = tareaNicolasBuffa.app; sourceTree = BUILT_PRODUCTS_DIR; };
		C7BE76602950FDA600A8C9FB /* AppDelegate.swift */ = {isa = PBXFileReference; lastKnownFileType = sourcecode.swift; path = AppDelegate.swift; sourceTree = "<group>"; };
		C7BE76622950FDA600A8C9FB /* SceneDelegate.swift */ = {isa = PBXFileReference; lastKnownFileType = sourcecode.swift; path = SceneDelegate.swift; sourceTree = "<group>"; };
		C7BE76642950FDA600A8C9FB /* ViewController.swift */ = {isa = PBXFileReference; lastKnownFileType = sourcecode.swift; path = ViewController.swift; sourceTree = "<group>"; };
		C7BE76672950FDA600A8C9FB /* Base */ = {isa = PBXFileReference; lastKnownFileType = file.storyboard; name = Base; path = Base.lproj/Main.storyboard; sourceTree = "<group>"; };
		C7BE76692950FDA700A8C9FB /* Assets.xcassets */ = {isa = PBXFileReference; lastKnownFileType = folder.assetcatalog; path = Assets.xcassets; sourceTree = "<group>"; };
		C7BE766C2950FDA700A8C9FB /* Base */ = {isa = PBXFileReference; lastKnownFileType = file.storyboard; name = Base; path = Base.lproj/LaunchScreen.storyboard; sourceTree = "<group>"; };
		C7BE766E2950FDA700A8C9FB /* Info.plist */ = {isa = PBXFileReference; lastKnownFileType = text.plist.xml; path = Info.plist; sourceTree = "<group>"; };
		C7BE76732950FDA700A8C9FB /* tareaNicolasBuffaTests.xctest */ = {isa = PBXFileReference; explicitFileType = wrapper.cfbundle; includeInIndex = 0; path = tareaNicolasBuffaTests.xctest; sourceTree = BUILT_PRODUCTS_DIR; };
		C7BE76772950FDA700A8C9FB /* tareaNicolasBuffaTests.swift */ = {isa = PBXFileReference; lastKnownFileType = sourcecode.swift; path = tareaNicolasBuffaTests.swift; sourceTree = "<group>"; };
		C7BE767D2950FDA700A8C9FB /* tareaNicolasBuffaUITests.xctest */ = {isa = PBXFileReference; explicitFileType = wrapper.cfbundle; includeInIndex = 0; path = tareaNicolasBuffaUITests.xctest; sourceTree = BUILT_PRODUCTS_DIR; };
		C7BE76812950FDA700A8C9FB /* tareaNicolasBuffaUITests.swift */ = {isa = PBXFileReference; lastKnownFileType = sourcecode.swift; path = tareaNicolasBuffaUITests.swift; sourceTree = "<group>"; };
		C7BE76832950FDA700A8C9FB /* tareaNicolasBuffaUITestsLaunchTests.swift */ = {isa = PBXFileReference; lastKnownFileType = sourcecode.swift; path = tareaNicolasBuffaUITestsLaunchTests.swift; sourceTree = "<group>"; };
		C7BE76902951E83000A8C9FB /* MyCustomTableViewCell.swift */ = {isa = PBXFileReference; lastKnownFileType = sourcecode.swift; path = MyCustomTableViewCell.swift; sourceTree = "<group>"; };
		C7BE76912951E83000A8C9FB /* MyCustomTableViewCell.xib */ = {isa = PBXFileReference; lastKnownFileType = file.xib; path = MyCustomTableViewCell.xib; sourceTree = "<group>"; };
		FB463D1C29549BDA004B7715 /* Product.swift */ = {isa = PBXFileReference; lastKnownFileType = sourcecode.swift; path = Product.swift; sourceTree = "<group>"; };
/* End PBXFileReference section */

/* Begin PBXFrameworksBuildPhase section */
		C7BE765A2950FDA600A8C9FB /* Frameworks */ = {
			isa = PBXFrameworksBuildPhase;
			buildActionMask = 2147483647;
			files = (
			);
			runOnlyForDeploymentPostprocessing = 0;
		};
		C7BE76702950FDA700A8C9FB /* Frameworks */ = {
			isa = PBXFrameworksBuildPhase;
			buildActionMask = 2147483647;
			files = (
			);
			runOnlyForDeploymentPostprocessing = 0;
		};
		C7BE767A2950FDA700A8C9FB /* Frameworks */ = {
			isa = PBXFrameworksBuildPhase;
			buildActionMask = 2147483647;
			files = (
			);
			runOnlyForDeploymentPostprocessing = 0;
		};
/* End PBXFrameworksBuildPhase section */

/* Begin PBXGroup section */
		C7BE76542950FDA600A8C9FB = {
			isa = PBXGroup;
			children = (
				C7BE765F2950FDA600A8C9FB /* tareaNicolasBuffa */,
				C7BE76762950FDA700A8C9FB /* tareaNicolasBuffaTests */,
				C7BE76802950FDA700A8C9FB /* tareaNicolasBuffaUITests */,
				C7BE765E2950FDA600A8C9FB /* Products */,
			);
			sourceTree = "<group>";
		};
		C7BE765E2950FDA600A8C9FB /* Products */ = {
			isa = PBXGroup;
			children = (
				C7BE765D2950FDA600A8C9FB /* tareaNicolasBuffa.app */,
				C7BE76732950FDA700A8C9FB /* tareaNicolasBuffaTests.xctest */,
				C7BE767D2950FDA700A8C9FB /* tareaNicolasBuffaUITests.xctest */,
			);
			name = Products;
			sourceTree = "<group>";
		};
		C7BE765F2950FDA600A8C9FB /* tareaNicolasBuffa */ = {
			isa = PBXGroup;
			children = (
				FB463D1829549B0A004B7715 /* ProductDetail */,
				FB463D1729549AE9004B7715 /* ProductList */,
				C7BE76602950FDA600A8C9FB /* AppDelegate.swift */,
				C7BE76622950FDA600A8C9FB /* SceneDelegate.swift */,
				C7BE76662950FDA600A8C9FB /* Main.storyboard */,
				C7BE76692950FDA700A8C9FB /* Assets.xcassets */,
				C7BE766B2950FDA700A8C9FB /* LaunchScreen.storyboard */,
				C7BE766E2950FDA700A8C9FB /* Info.plist */,
			);
			path = tareaNicolasBuffa;
			sourceTree = "<group>";
		};
		C7BE76762950FDA700A8C9FB /* tareaNicolasBuffaTests */ = {
			isa = PBXGroup;
			children = (
				C7BE76772950FDA700A8C9FB /* tareaNicolasBuffaTests.swift */,
			);
			path = tareaNicolasBuffaTests;
			sourceTree = "<group>";
		};
		C7BE76802950FDA700A8C9FB /* tareaNicolasBuffaUITests */ = {
			isa = PBXGroup;
			children = (
				C7BE76812950FDA700A8C9FB /* tareaNicolasBuffaUITests.swift */,
				C7BE76832950FDA700A8C9FB /* tareaNicolasBuffaUITestsLaunchTests.swift */,
			);
			path = tareaNicolasBuffaUITests;
			sourceTree = "<group>";
		};
		FB463D1729549AE9004B7715 /* ProductList */ = {
			isa = PBXGroup;
			children = (
				FB463D1A29549BB4004B7715 /* Domain */,
				FB463D1929549B60004B7715 /* Views */,
			);
			path = ProductList;
			sourceTree = "<group>";
		};
		FB463D1829549B0A004B7715 /* ProductDetail */ = {
			isa = PBXGroup;
			children = (
			);
			path = ProductDetail;
			sourceTree = "<group>";
		};
		FB463D1929549B60004B7715 /* Views */ = {
			isa = PBXGroup;
			children = (
				C7BE76902951E83000A8C9FB /* MyCustomTableViewCell.swift */,
				C7BE76912951E83000A8C9FB /* MyCustomTableViewCell.xib */,
				C7BE76642950FDA600A8C9FB /* ViewController.swift */,
			);
			path = Views;
			sourceTree = "<group>";
		};
		FB463D1A29549BB4004B7715 /* Domain */ = {
			isa = PBXGroup;
			children = (
				FB463D1B29549BCB004B7715 /* Entities */,
			);
			path = Domain;
			sourceTree = "<group>";
		};
		FB463D1B29549BCB004B7715 /* Entities */ = {
			isa = PBXGroup;
			children = (
				FB463D1C29549BDA004B7715 /* Product.swift */,
			);
			path = Entities;
			sourceTree = "<group>";
		};
/* End PBXGroup section */

/* Begin PBXNativeTarget section */
		C7BE765C2950FDA600A8C9FB /* tareaNicolasBuffa */ = {
			isa = PBXNativeTarget;
			buildConfigurationList = C7BE76872950FDA700A8C9FB /* Build configuration list for PBXNativeTarget "tareaNicolasBuffa" */;
			buildPhases = (
				C7BE76592950FDA600A8C9FB /* Sources */,
				C7BE765A2950FDA600A8C9FB /* Frameworks */,
				C7BE765B2950FDA600A8C9FB /* Resources */,
			);
			buildRules = (
			);
			dependencies = (
			);
			name = tareaNicolasBuffa;
			productName = tareaNicolasBuffa;
			productReference = C7BE765D2950FDA600A8C9FB /* tareaNicolasBuffa.app */;
			productType = "com.apple.product-type.application";
		};
		C7BE76722950FDA700A8C9FB /* tareaNicolasBuffaTests */ = {
			isa = PBXNativeTarget;
			buildConfigurationList = C7BE768A2950FDA700A8C9FB /* Build configuration list for PBXNativeTarget "tareaNicolasBuffaTests" */;
			buildPhases = (
				C7BE766F2950FDA700A8C9FB /* Sources */,
				C7BE76702950FDA700A8C9FB /* Frameworks */,
				C7BE76712950FDA700A8C9FB /* Resources */,
			);
			buildRules = (
			);
			dependencies = (
				C7BE76752950FDA700A8C9FB /* PBXTargetDependency */,
			);
			name = tareaNicolasBuffaTests;
			productName = tareaNicolasBuffaTests;
			productReference = C7BE76732950FDA700A8C9FB /* tareaNicolasBuffaTests.xctest */;
			productType = "com.apple.product-type.bundle.unit-test";
		};
		C7BE767C2950FDA700A8C9FB /* tareaNicolasBuffaUITests */ = {
			isa = PBXNativeTarget;
			buildConfigurationList = C7BE768D2950FDA700A8C9FB /* Build configuration list for PBXNativeTarget "tareaNicolasBuffaUITests" */;
			buildPhases = (
				C7BE76792950FDA700A8C9FB /* Sources */,
				C7BE767A2950FDA700A8C9FB /* Frameworks */,
				C7BE767B2950FDA700A8C9FB /* Resources */,
			);
			buildRules = (
			);
			dependencies = (
				C7BE767F2950FDA700A8C9FB /* PBXTargetDependency */,
			);
			name = tareaNicolasBuffaUITests;
			productName = tareaNicolasBuffaUITests;
			productReference = C7BE767D2950FDA700A8C9FB /* tareaNicolasBuffaUITests.xctest */;
			productType = "com.apple.product-type.bundle.ui-testing";
		};
/* End PBXNativeTarget section */

/* Begin PBXProject section */
		C7BE76552950FDA600A8C9FB /* Project object */ = {
			isa = PBXProject;
			attributes = {
				BuildIndependentTargetsInParallel = 1;
				LastSwiftUpdateCheck = 1410;
				LastUpgradeCheck = 1410;
				TargetAttributes = {
					C7BE765C2950FDA600A8C9FB = {
						CreatedOnToolsVersion = 14.1;
					};
					C7BE76722950FDA700A8C9FB = {
						CreatedOnToolsVersion = 14.1;
						TestTargetID = C7BE765C2950FDA600A8C9FB;
					};
					C7BE767C2950FDA700A8C9FB = {
						CreatedOnToolsVersion = 14.1;
						TestTargetID = C7BE765C2950FDA600A8C9FB;
					};
				};
			};
			buildConfigurationList = C7BE76582950FDA600A8C9FB /* Build configuration list for PBXProject "tareaNicolasBuffa" */;
			compatibilityVersion = "Xcode 14.0";
			developmentRegion = en;
			hasScannedForEncodings = 0;
			knownRegions = (
				en,
				Base,
			);
			mainGroup = C7BE76542950FDA600A8C9FB;
			productRefGroup = C7BE765E2950FDA600A8C9FB /* Products */;
			projectDirPath = "";
			projectRoot = "";
			targets = (
				C7BE765C2950FDA600A8C9FB /* tareaNicolasBuffa */,
				C7BE76722950FDA700A8C9FB /* tareaNicolasBuffaTests */,
				C7BE767C2950FDA700A8C9FB /* tareaNicolasBuffaUITests */,
			);
		};
/* End PBXProject section */

/* Begin PBXResourcesBuildPhase section */
		C7BE765B2950FDA600A8C9FB /* Resources */ = {
			isa = PBXResourcesBuildPhase;
			buildActionMask = 2147483647;
			files = (
				C7BE766D2950FDA700A8C9FB /* LaunchScreen.storyboard in Resources */,
				C7BE766A2950FDA700A8C9FB /* Assets.xcassets in Resources */,
				C7BE76932951E83000A8C9FB /* MyCustomTableViewCell.xib in Resources */,
				C7BE76682950FDA600A8C9FB /* Main.storyboard in Resources */,
			);
			runOnlyForDeploymentPostprocessing = 0;
		};
		C7BE76712950FDA700A8C9FB /* Resources */ = {
			isa = PBXResourcesBuildPhase;
			buildActionMask = 2147483647;
			files = (
			);
			runOnlyForDeploymentPostprocessing = 0;
		};
		C7BE767B2950FDA700A8C9FB /* Resources */ = {
			isa = PBXResourcesBuildPhase;
			buildActionMask = 2147483647;
			files = (
			);
			runOnlyForDeploymentPostprocessing = 0;
		};
/* End PBXResourcesBuildPhase section */

/* Begin PBXSourcesBuildPhase section */
		C7BE76592950FDA600A8C9FB /* Sources */ = {
			isa = PBXSourcesBuildPhase;
			buildActionMask = 2147483647;
			files = (
				C7BE76652950FDA600A8C9FB /* ViewController.swift in Sources */,
				C7BE76612950FDA600A8C9FB /* AppDelegate.swift in Sources */,
				FB463D1D29549BDA004B7715 /* Product.swift in Sources */,
				C7BE76922951E83000A8C9FB /* MyCustomTableViewCell.swift in Sources */,
				C7BE76632950FDA600A8C9FB /* SceneDelegate.swift in Sources */,
			);
			runOnlyForDeploymentPostprocessing = 0;
		};
		C7BE766F2950FDA700A8C9FB /* Sources */ = {
			isa = PBXSourcesBuildPhase;
			buildActionMask = 2147483647;
			files = (
				C7BE76782950FDA700A8C9FB /* tareaNicolasBuffaTests.swift in Sources */,
			);
			runOnlyForDeploymentPostprocessing = 0;
		};
		C7BE76792950FDA700A8C9FB /* Sources */ = {
			isa = PBXSourcesBuildPhase;
			buildActionMask = 2147483647;
			files = (
				C7BE76822950FDA700A8C9FB /* tareaNicolasBuffaUITests.swift in Sources */,
				C7BE76842950FDA700A8C9FB /* tareaNicolasBuffaUITestsLaunchTests.swift in Sources */,
			);
			runOnlyForDeploymentPostprocessing = 0;
		};
/* End PBXSourcesBuildPhase section */

/* Begin PBXTargetDependency section */
		C7BE76752950FDA700A8C9FB /* PBXTargetDependency */ = {
			isa = PBXTargetDependency;
			target = C7BE765C2950FDA600A8C9FB /* tareaNicolasBuffa */;
			targetProxy = C7BE76742950FDA700A8C9FB /* PBXContainerItemProxy */;
		};
		C7BE767F2950FDA700A8C9FB /* PBXTargetDependency */ = {
			isa = PBXTargetDependency;
			target = C7BE765C2950FDA600A8C9FB /* tareaNicolasBuffa */;
			targetProxy = C7BE767E2950FDA700A8C9FB /* PBXContainerItemProxy */;
		};
/* End PBXTargetDependency section */

/* Begin PBXVariantGroup section */
		C7BE76662950FDA600A8C9FB /* Main.storyboard */ = {
			isa = PBXVariantGroup;
			children = (
				C7BE76672950FDA600A8C9FB /* Base */,
			);
			name = Main.storyboard;
			sourceTree = "<group>";
		};
		C7BE766B2950FDA700A8C9FB /* LaunchScreen.storyboard */ = {
			isa = PBXVariantGroup;
			children = (
				C7BE766C2950FDA700A8C9FB /* Base */,
			);
			name = LaunchScreen.storyboard;
			sourceTree = "<group>";
		};
/* End PBXVariantGroup section */

/* Begin XCBuildConfiguration section */
		C7BE76852950FDA700A8C9FB /* Debug */ = {
			isa = XCBuildConfiguration;
			buildSettings = {
				ALWAYS_SEARCH_USER_PATHS = NO;
				CLANG_ANALYZER_NONNULL = YES;
				CLANG_ANALYZER_NUMBER_OBJECT_CONVERSION = YES_AGGRESSIVE;
				CLANG_CXX_LANGUAGE_STANDARD = "gnu++20";
				CLANG_ENABLE_MODULES = YES;
				CLANG_ENABLE_OBJC_ARC = YES;
				CLANG_ENABLE_OBJC_WEAK = YES;
				CLANG_WARN_BLOCK_CAPTURE_AUTORELEASING = YES;
				CLANG_WARN_BOOL_CONVERSION = YES;
				CLANG_WARN_COMMA = YES;
				CLANG_WARN_CONSTANT_CONVERSION = YES;
				CLANG_WARN_DEPRECATED_OBJC_IMPLEMENTATIONS = YES;
				CLANG_WARN_DIRECT_OBJC_ISA_USAGE = YES_ERROR;
				CLANG_WARN_DOCUMENTATION_COMMENTS = YES;
				CLANG_WARN_EMPTY_BODY = YES;
				CLANG_WARN_ENUM_CONVERSION = YES;
				CLANG_WARN_INFINITE_RECURSION = YES;
				CLANG_WARN_INT_CONVERSION = YES;
				CLANG_WARN_NON_LITERAL_NULL_CONVERSION = YES;
				CLANG_WARN_OBJC_IMPLICIT_RETAIN_SELF = YES;
				CLANG_WARN_OBJC_LITERAL_CONVERSION = YES;
				CLANG_WARN_OBJC_ROOT_CLASS = YES_ERROR;
				CLANG_WARN_QUOTED_INCLUDE_IN_FRAMEWORK_HEADER = YES;
				CLANG_WARN_RANGE_LOOP_ANALYSIS = YES;
				CLANG_WARN_STRICT_PROTOTYPES = YES;
				CLANG_WARN_SUSPICIOUS_MOVE = YES;
				CLANG_WARN_UNGUARDED_AVAILABILITY = YES_AGGRESSIVE;
				CLANG_WARN_UNREACHABLE_CODE = YES;
				CLANG_WARN__DUPLICATE_METHOD_MATCH = YES;
				COPY_PHASE_STRIP = NO;
				DEBUG_INFORMATION_FORMAT = dwarf;
				ENABLE_STRICT_OBJC_MSGSEND = YES;
				ENABLE_TESTABILITY = YES;
				GCC_C_LANGUAGE_STANDARD = gnu11;
				GCC_DYNAMIC_NO_PIC = NO;
				GCC_NO_COMMON_BLOCKS = YES;
				GCC_OPTIMIZATION_LEVEL = 0;
				GCC_PREPROCESSOR_DEFINITIONS = (
					"DEBUG=1",
					"$(inherited)",
				);
				GCC_WARN_64_TO_32_BIT_CONVERSION = YES;
				GCC_WARN_ABOUT_RETURN_TYPE = YES_ERROR;
				GCC_WARN_UNDECLARED_SELECTOR = YES;
				GCC_WARN_UNINITIALIZED_AUTOS = YES_AGGRESSIVE;
				GCC_WARN_UNUSED_FUNCTION = YES;
				GCC_WARN_UNUSED_VARIABLE = YES;
				IPHONEOS_DEPLOYMENT_TARGET = 16.1;
				MTL_ENABLE_DEBUG_INFO = INCLUDE_SOURCE;
				MTL_FAST_MATH = YES;
				ONLY_ACTIVE_ARCH = YES;
				SDKROOT = iphoneos;
				SWIFT_ACTIVE_COMPILATION_CONDITIONS = DEBUG;
				SWIFT_OPTIMIZATION_LEVEL = "-Onone";
			};
			name = Debug;
		};
		C7BE76862950FDA700A8C9FB /* Release */ = {
			isa = XCBuildConfiguration;
			buildSettings = {
				ALWAYS_SEARCH_USER_PATHS = NO;
				CLANG_ANALYZER_NONNULL = YES;
				CLANG_ANALYZER_NUMBER_OBJECT_CONVERSION = YES_AGGRESSIVE;
				CLANG_CXX_LANGUAGE_STANDARD = "gnu++20";
				CLANG_ENABLE_MODULES = YES;
				CLANG_ENABLE_OBJC_ARC = YES;
				CLANG_ENABLE_OBJC_WEAK = YES;
				CLANG_WARN_BLOCK_CAPTURE_AUTORELEASING = YES;
				CLANG_WARN_BOOL_CONVERSION = YES;
				CLANG_WARN_COMMA = YES;
				CLANG_WARN_CONSTANT_CONVERSION = YES;
				CLANG_WARN_DEPRECATED_OBJC_IMPLEMENTATIONS = YES;
				CLANG_WARN_DIRECT_OBJC_ISA_USAGE = YES_ERROR;
				CLANG_WARN_DOCUMENTATION_COMMENTS = YES;
				CLANG_WARN_EMPTY_BODY = YES;
				CLANG_WARN_ENUM_CONVERSION = YES;
				CLANG_WARN_INFINITE_RECURSION = YES;
				CLANG_WARN_INT_CONVERSION = YES;
				CLANG_WARN_NON_LITERAL_NULL_CONVERSION = YES;
				CLANG_WARN_OBJC_IMPLICIT_RETAIN_SELF = YES;
				CLANG_WARN_OBJC_LITERAL_CONVERSION = YES;
				CLANG_WARN_OBJC_ROOT_CLASS = YES_ERROR;
				CLANG_WARN_QUOTED_INCLUDE_IN_FRAMEWORK_HEADER = YES;
				CLANG_WARN_RANGE_LOOP_ANALYSIS = YES;
				CLANG_WARN_STRICT_PROTOTYPES = YES;
				CLANG_WARN_SUSPICIOUS_MOVE = YES;
				CLANG_WARN_UNGUARDED_AVAILABILITY = YES_AGGRESSIVE;
				CLANG_WARN_UNREACHABLE_CODE = YES;
				CLANG_WARN__DUPLICATE_METHOD_MATCH = YES;
				COPY_PHASE_STRIP = NO;
				DEBUG_INFORMATION_FORMAT = "dwarf-with-dsym";
				ENABLE_NS_ASSERTIONS = NO;
				ENABLE_STRICT_OBJC_MSGSEND = YES;
				GCC_C_LANGUAGE_STANDARD = gnu11;
				GCC_NO_COMMON_BLOCKS = YES;
				GCC_WARN_64_TO_32_BIT_CONVERSION = YES;
				GCC_WARN_ABOUT_RETURN_TYPE = YES_ERROR;
				GCC_WARN_UNDECLARED_SELECTOR = YES;
				GCC_WARN_UNINITIALIZED_AUTOS = YES_AGGRESSIVE;
				GCC_WARN_UNUSED_FUNCTION = YES;
				GCC_WARN_UNUSED_VARIABLE = YES;
				IPHONEOS_DEPLOYMENT_TARGET = 16.1;
				MTL_ENABLE_DEBUG_INFO = NO;
				MTL_FAST_MATH = YES;
				SDKROOT = iphoneos;
				SWIFT_COMPILATION_MODE = wholemodule;
				SWIFT_OPTIMIZATION_LEVEL = "-O";
				VALIDATE_PRODUCT = YES;
			};
			name = Release;
		};
		C7BE76882950FDA700A8C9FB /* Debug */ = {
			isa = XCBuildConfiguration;
			buildSettings = {
				ASSETCATALOG_COMPILER_APPICON_NAME = AppIcon;
				ASSETCATALOG_COMPILER_GLOBAL_ACCENT_COLOR_NAME = AccentColor;
				CODE_SIGN_STYLE = Automatic;
				CURRENT_PROJECT_VERSION = 1;
				DEVELOPMENT_TEAM = "";
				GENERATE_INFOPLIST_FILE = YES;
				INFOPLIST_FILE = tareaNicolasBuffa/Info.plist;
				INFOPLIST_KEY_UIApplicationSupportsIndirectInputEvents = YES;
				INFOPLIST_KEY_UILaunchStoryboardName = LaunchScreen;
				INFOPLIST_KEY_UIMainStoryboardFile = Main;
				INFOPLIST_KEY_UISupportedInterfaceOrientations_iPad = "UIInterfaceOrientationPortrait UIInterfaceOrientationPortraitUpsideDown UIInterfaceOrientationLandscapeLeft UIInterfaceOrientationLandscapeRight";
				INFOPLIST_KEY_UISupportedInterfaceOrientations_iPhone = "UIInterfaceOrientationPortrait UIInterfaceOrientationLandscapeLeft UIInterfaceOrientationLandscapeRight";
				LD_RUNPATH_SEARCH_PATHS = (
					"$(inherited)",
					"@executable_path/Frameworks",
				);
				MARKETING_VERSION = 1.0;
				PRODUCT_BUNDLE_IDENTIFIER = nicolas.tareaNicolasBuffa;
				PRODUCT_NAME = "$(TARGET_NAME)";
				SWIFT_EMIT_LOC_STRINGS = YES;
				SWIFT_VERSION = 5.0;
				TARGETED_DEVICE_FAMILY = "1,2";
			};
			name = Debug;
		};
		C7BE76892950FDA700A8C9FB /* Release */ = {
			isa = XCBuildConfiguration;
			buildSettings = {
				ASSETCATALOG_COMPILER_APPICON_NAME = AppIcon;
				ASSETCATALOG_COMPILER_GLOBAL_ACCENT_COLOR_NAME = AccentColor;
				CODE_SIGN_STYLE = Automatic;
				CURRENT_PROJECT_VERSION = 1;
				DEVELOPMENT_TEAM = "";
				GENERATE_INFOPLIST_FILE = YES;
				INFOPLIST_FILE = tareaNicolasBuffa/Info.plist;
				INFOPLIST_KEY_UIApplicationSupportsIndirectInputEvents = YES;
				INFOPLIST_KEY_UILaunchStoryboardName = LaunchScreen;
				INFOPLIST_KEY_UIMainStoryboardFile = Main;
				INFOPLIST_KEY_UISupportedInterfaceOrientations_iPad = "UIInterfaceOrientationPortrait UIInterfaceOrientationPortraitUpsideDown UIInterfaceOrientationLandscapeLeft UIInterfaceOrientationLandscapeRight";
				INFOPLIST_KEY_UISupportedInterfaceOrientations_iPhone = "UIInterfaceOrientationPortrait UIInterfaceOrientationLandscapeLeft UIInterfaceOrientationLandscapeRight";
				LD_RUNPATH_SEARCH_PATHS = (
					"$(inherited)",
					"@executable_path/Frameworks",
				);
				MARKETING_VERSION = 1.0;
				PRODUCT_BUNDLE_IDENTIFIER = nicolas.tareaNicolasBuffa;
				PRODUCT_NAME = "$(TARGET_NAME)";
				SWIFT_EMIT_LOC_STRINGS = YES;
				SWIFT_VERSION = 5.0;
				TARGETED_DEVICE_FAMILY = "1,2";
			};
			name = Release;
		};
		C7BE768B2950FDA700A8C9FB /* Debug */ = {
			isa = XCBuildConfiguration;
			buildSettings = {
				ALWAYS_EMBED_SWIFT_STANDARD_LIBRARIES = YES;
				BUNDLE_LOADER = "$(TEST_HOST)";
				CODE_SIGN_STYLE = Automatic;
				CURRENT_PROJECT_VERSION = 1;
				GENERATE_INFOPLIST_FILE = YES;
				IPHONEOS_DEPLOYMENT_TARGET = 16.1;
				MARKETING_VERSION = 1.0;
				PRODUCT_BUNDLE_IDENTIFIER = nicolas.tareaNicolasBuffaTests;
				PRODUCT_NAME = "$(TARGET_NAME)";
				SWIFT_EMIT_LOC_STRINGS = NO;
				SWIFT_VERSION = 5.0;
				TARGETED_DEVICE_FAMILY = "1,2";
				TEST_HOST = "$(BUILT_PRODUCTS_DIR)/tareaNicolasBuffa.app/$(BUNDLE_EXECUTABLE_FOLDER_PATH)/tareaNicolasBuffa";
			};
			name = Debug;
		};
		C7BE768C2950FDA700A8C9FB /* Release */ = {
			isa = XCBuildConfiguration;
			buildSettings = {
				ALWAYS_EMBED_SWIFT_STANDARD_LIBRARIES = YES;
				BUNDLE_LOADER = "$(TEST_HOST)";
				CODE_SIGN_STYLE = Automatic;
				CURRENT_PROJECT_VERSION = 1;
				GENERATE_INFOPLIST_FILE = YES;
				IPHONEOS_DEPLOYMENT_TARGET = 16.1;
				MARKETING_VERSION = 1.0;
				PRODUCT_BUNDLE_IDENTIFIER = nicolas.tareaNicolasBuffaTests;
				PRODUCT_NAME = "$(TARGET_NAME)";
				SWIFT_EMIT_LOC_STRINGS = NO;
				SWIFT_VERSION = 5.0;
				TARGETED_DEVICE_FAMILY = "1,2";
				TEST_HOST = "$(BUILT_PRODUCTS_DIR)/tareaNicolasBuffa.app/$(BUNDLE_EXECUTABLE_FOLDER_PATH)/tareaNicolasBuffa";
			};
			name = Release;
		};
		C7BE768E2950FDA700A8C9FB /* Debug */ = {
			isa = XCBuildConfiguration;
			buildSettings = {
				ALWAYS_EMBED_SWIFT_STANDARD_LIBRARIES = YES;
				CODE_SIGN_STYLE = Automatic;
				CURRENT_PROJECT_VERSION = 1;
				GENERATE_INFOPLIST_FILE = YES;
				MARKETING_VERSION = 1.0;
				PRODUCT_BUNDLE_IDENTIFIER = nicolas.tareaNicolasBuffaUITests;
				PRODUCT_NAME = "$(TARGET_NAME)";
				SWIFT_EMIT_LOC_STRINGS = NO;
				SWIFT_VERSION = 5.0;
				TARGETED_DEVICE_FAMILY = "1,2";
				TEST_TARGET_NAME = tareaNicolasBuffa;
			};
			name = Debug;
		};
		C7BE768F2950FDA700A8C9FB /* Release */ = {
			isa = XCBuildConfiguration;
			buildSettings = {
				ALWAYS_EMBED_SWIFT_STANDARD_LIBRARIES = YES;
				CODE_SIGN_STYLE = Automatic;
				CURRENT_PROJECT_VERSION = 1;
				GENERATE_INFOPLIST_FILE = YES;
				MARKETING_VERSION = 1.0;
				PRODUCT_BUNDLE_IDENTIFIER = nicolas.tareaNicolasBuffaUITests;
				PRODUCT_NAME = "$(TARGET_NAME)";
				SWIFT_EMIT_LOC_STRINGS = NO;
				SWIFT_VERSION = 5.0;
				TARGETED_DEVICE_FAMILY = "1,2";
				TEST_TARGET_NAME = tareaNicolasBuffa;
			};
			name = Release;
		};
/* End XCBuildConfiguration section */

/* Begin XCConfigurationList section */
		C7BE76582950FDA600A8C9FB /* Build configuration list for PBXProject "tareaNicolasBuffa" */ = {
			isa = XCConfigurationList;
			buildConfigurations = (
				C7BE76852950FDA700A8C9FB /* Debug */,
				C7BE76862950FDA700A8C9FB /* Release */,
			);
			defaultConfigurationIsVisible = 0;
			defaultConfigurationName = Release;
		};
		C7BE76872950FDA700A8C9FB /* Build configuration list for PBXNativeTarget "tareaNicolasBuffa" */ = {
			isa = XCConfigurationList;
			buildConfigurations = (
				C7BE76882950FDA700A8C9FB /* Debug */,
				C7BE76892950FDA700A8C9FB /* Release */,
			);
			defaultConfigurationIsVisible = 0;
			defaultConfigurationName = Release;
		};
		C7BE768A2950FDA700A8C9FB /* Build configuration list for PBXNativeTarget "tareaNicolasBuffaTests" */ = {
			isa = XCConfigurationList;
			buildConfigurations = (
				C7BE768B2950FDA700A8C9FB /* Debug */,
				C7BE768C2950FDA700A8C9FB /* Release */,
			);
			defaultConfigurationIsVisible = 0;
			defaultConfigurationName = Release;
		};
		C7BE768D2950FDA700A8C9FB /* Build configuration list for PBXNativeTarget "tareaNicolasBuffaUITests" */ = {
			isa = XCConfigurationList;
			buildConfigurations = (
				C7BE768E2950FDA700A8C9FB /* Debug */,
				C7BE768F2950FDA700A8C9FB /* Release */,
			);
			defaultConfigurationIsVisible = 0;
			defaultConfigurationName = Release;
		};
/* End XCConfigurationList section */
	};
	rootObject = C7BE76552950FDA600A8C9FB /* Project object */;
}
